github.com/lib/pq v1.10.7 h1:p7ZhMD+KsSRozJr34udlUrhboJwWAgCg34+/ZZNvZZw=
github.com/lib/pq v1.10.7/go.mod h1:AlVN5x4E4T544tWzH6hKfbfQvm3HdbOxrmggDNAPY9o=
github.com/subosito/gotenv v1.4.2 h1:X1TuBLAMDFbaTAChgCBLu3DU3UPyELpnF2jjJ2cz/S8=
github.com/subosito/gotenv v1.4.2/go.mod h1:ayKnFf/c6rvx/2iiLrJUk1e6plDbT3edrFNGqEflhK0=
